lockfileVersion: 5.4

specifiers:
  cssnano: ^5.1.14
  postcss: ^8.4.19
  postcss-cli: ^10.0.0
  postcss-custom-properties: ^13.0.0
  terser: ^5.16.0

devDependencies:
  cssnano: 5.1.14_postcss@8.4.19
  postcss: 8.4.19
  postcss-cli: 10.0.0_postcss@8.4.19
  postcss-custom-properties: 13.0.0_postcss@8.4.19
  terser: 5.16.0

packages:

  /@jridgewell/gen-mapping/0.3.2:
    resolution: {integrity: sha512-mh65xKQAzI6iBcFzwv28KVWSmCkdRBWoOh+bYQGW3+6OZvbbN3TqMGo5hqYxQniRcH9F2VZIoJCm4pa3BPDK/A==}
    engines: {node: '>=6.0.0'}
    dependencies:
      '@jridgewell/set-array': 1.1.2
      '@jridgewell/sourcemap-codec': 1.4.14
      '@jridgewell/trace-mapping': 0.3.14
    dev: true

  /@jridgewell/resolve-uri/3.1.0:
    resolution: {integrity: sha512-F2msla3tad+Mfht5cJq7LSXcdudKTWCVYUgw6pLFOOHSTtZlj6SWNYAp+AhuqLmWdBO2X5hPrLcu8cVP8fy28w==}
    engines: {node: '>=6.0.0'}
    dev: true

  /@jridgewell/set-array/1.1.2:
    resolution: {integrity: sha512-xnkseuNADM0gt2bs+BvhO0p78Mk762YnZdsuzFV018NoG1Sj1SCQvpSqa7XUaTam5vAGasABV9qXASMKnFMwMw==}
    engines: {node: '>=6.0.0'}
    dev: true

  /@jridgewell/source-map/0.3.2:
    resolution: {integrity: sha512-m7O9o2uR8k2ObDysZYzdfhb08VuEml5oWGiosa1VdaPZ/A6QyPkAJuwN0Q1lhULOf6B7MtQmHENS743hWtCrgw==}
    dependencies:
      '@jridgewell/gen-mapping': 0.3.2
      '@jridgewell/trace-mapping': 0.3.14
    dev: true

  /@jridgewell/sourcemap-codec/1.4.14:
    resolution: {integrity: sha512-XPSJHWmi394fuUuzDnGz1wiKqWfo1yXecHQMRf2l6hztTO+nPru658AyDngaBe7isIxEkRsPR3FZh+s7iVa4Uw==}
    dev: true

  /@jridgewell/trace-mapping/0.3.14:
    resolution: {integrity: sha512-bJWEfQ9lPTvm3SneWwRFVLzrh6nhjwqw7TUFFBEMzwvg7t7PCDenf2lDwqo4NQXzdpgBXyFgDWnQA+2vkruksQ==}
    dependencies:
      '@jridgewell/resolve-uri': 3.1.0
      '@jridgewell/sourcemap-codec': 1.4.14
    dev: true

  /@nodelib/fs.scandir/2.1.5:
    resolution: {integrity: sha512-vq24Bq3ym5HEQm2NKCr3yXDwjc7vTsEThRDnkp2DK9p1uqLR+DHurm/NOTo0KG7HYHU7eppKZj3MyqYuMBf62g==}
    engines: {node: '>= 8'}
    dependencies:
      '@nodelib/fs.stat': 2.0.5
      run-parallel: 1.2.0
    dev: true

  /@nodelib/fs.stat/2.0.5:
    resolution: {integrity: sha512-RkhPPp2zrqDAQA/2jNhnztcPAlv64XdhIp7a7454A5ovI7Bukxgt7MX7udwAu3zg1DcpPU0rz3VV1SeaqvY4+A==}
    engines: {node: '>= 8'}
    dev: true

  /@nodelib/fs.walk/1.2.8:
    resolution: {integrity: sha512-oGB+UxlgWcgQkgwo8GcEGwemoTFt3FIO9ababBmaGwXIoBKZ+GTy0pP185beGg7Llih/NSHSV2XAs1lnznocSg==}
    engines: {node: '>= 8'}
    dependencies:
      '@nodelib/fs.scandir': 2.1.5
      fastq: 1.13.0
    dev: true

  /@trysound/sax/0.2.0:
    resolution: {integrity: sha512-L7z9BgrNEcYyUYtF+HaEfiS5ebkh9jXqbszz7pC0hRBPaatV0XjSD3+eHrpqFemQfgwiFF0QPIarnIihIDn7OA==}
    engines: {node: '>=10.13.0'}
    dev: true

  /acorn/8.8.0:
    resolution: {integrity: sha512-QOxyigPVrpZ2GXT+PFyZTl6TtOFc5egxHIP9IlQ+RbupQuX4RkT/Bee4/kQuC02Xkzg84JcT7oLYtDIQxp+v7w==}
    engines: {node: '>=0.4.0'}
    hasBin: true
    dev: true

  /ansi-regex/5.0.1:
    resolution: {integrity: sha512-quJQXlTSUGL2LH9SUXo8VwsY4soanhgo6LNSm84E1LBcE8s3O0wpdiRzyR9z/ZZJMlMWv37qOOb9pdJlMUEKFQ==}
    engines: {node: '>=8'}
    dev: true

  /ansi-styles/4.3.0:
    resolution: {integrity: sha512-zbB9rCJAT1rbjiVDb2hqKFHNYLxgtk8NURxZ3IZwD3F6NtxbXZQCnnSi1Lkx+IDohdPlFp222wVALIheZJQSEg==}
    engines: {node: '>=8'}
    dependencies:
      color-convert: 2.0.1
    dev: true

  /anymatch/3.1.3:
    resolution: {integrity: sha512-KMReFUr0B4t+D+OBkjR3KYqvocp2XaSzO55UcB6mgQMd3KbcE+mWTyvVV7D/zsdEbNnV6acZUutkiHQXvTr1Rw==}
    engines: {node: '>= 8'}
    dependencies:
      normalize-path: 3.0.0
      picomatch: 2.3.1
    dev: true

  /binary-extensions/2.2.0:
    resolution: {integrity: sha512-jDctJ/IVQbZoJykoeHbhXpOlNBqGNcwXJKJog42E5HDPUwQTSdjCHdihjj0DlnheQ7blbT6dHOafNAiS8ooQKA==}
    engines: {node: '>=8'}
    dev: true

  /boolbase/1.0.0:
    resolution: {integrity: sha512-JZOSA7Mo9sNGB8+UjSgzdLtokWAky1zbztM3WRLCbZ70/3cTANmQmOdR7y2g+J0e2WXywy1yS468tY+IruqEww==}
    dev: true

  /braces/3.0.2:
    resolution: {integrity: sha512-b8um+L1RzM3WDSzvhm6gIz1yfTbBt6YTlcEKAvsmqCZZFw46z626lVj9j1yEPW33H5H+lBQpZMP1k8l+78Ha0A==}
    engines: {node: '>=8'}
    dependencies:
      fill-range: 7.0.1
    dev: true

  /browserslist/4.21.4:
    resolution: {integrity: sha512-CBHJJdDmgjl3daYjN5Cp5kbTf1mUhZoS+beLklHIvkOWscs83YAhLlF3Wsh/lciQYAcbBJgTOD44VtG31ZM4Hw==}
    engines: {node: ^6 || ^7 || ^8 || ^9 || ^10 || ^11 || ^12 || >=13.7}
    hasBin: true
    dependencies:
      caniuse-lite: 1.0.30001434
      electron-to-chromium: 1.4.284
      node-releases: 2.0.6
      update-browserslist-db: 1.0.10_browserslist@4.21.4
    dev: true

  /buffer-from/1.1.2:
    resolution: {integrity: sha512-E+XQCRwSbaaiChtv6k6Dwgc+bx+Bs6vuKJHHl5kox/BaKbhiXzqQOwK4cO22yElGp2OCmjwVhT3HmxgyPGnJfQ==}
    dev: true

  /caniuse-api/3.0.0:
    resolution: {integrity: sha512-bsTwuIg/BZZK/vreVTYYbSWoe2F+71P7K5QGEX+pT250DZbfU1MQ5prOKpPR+LL6uWKK3KMwMCAS74QB3Um1uw==}
    dependencies:
      browserslist: 4.21.4
      caniuse-lite: 1.0.30001434
      lodash.memoize: 4.1.2
      lodash.uniq: 4.5.0
    dev: true

  /caniuse-lite/1.0.30001434:
    resolution: {integrity: sha512-aOBHrLmTQw//WFa2rcF1If9fa3ypkC1wzqqiKHgfdrXTWcU8C4gKVZT77eQAPWN1APys3+uQ0Df07rKauXGEYA==}
    dev: true

  /chokidar/3.5.3:
    resolution: {integrity: sha512-Dr3sfKRP6oTcjf2JmUmFJfeVMvXBdegxB0iVQ5eb2V10uFJUCAS8OByZdVAyVb8xXNz3GjjTgj9kLWsZTqE6kw==}
    engines: {node: '>= 8.10.0'}
    dependencies:
      anymatch: 3.1.3
      braces: 3.0.2
      glob-parent: 5.1.2
      is-binary-path: 2.1.0
      is-glob: 4.0.3
      normalize-path: 3.0.0
      readdirp: 3.6.0
    optionalDependencies:
      fsevents: 2.3.2
    dev: true

  /cliui/8.0.1:
    resolution: {integrity: sha512-BSeNnyus75C4//NQ9gQt1/csTXyo/8Sb+afLAkzAptFuMsod9HFokGNudZpi/oQV73hnVK+sR+5PVRMd+Dr7YQ==}
    engines: {node: '>=12'}
    dependencies:
      string-width: 4.2.3
      strip-ansi: 6.0.1
      wrap-ansi: 7.0.0
    dev: true

  /color-convert/2.0.1:
    resolution: {integrity: sha512-RRECPsj7iu/xb5oKYcsFHSppFNnsj/52OVTRKb4zP5onXwVF3zVmmToNcOfGC+CRDpfK/U584fMg38ZHCaElKQ==}
    engines: {node: '>=7.0.0'}
    dependencies:
      color-name: 1.1.4
    dev: true

  /color-name/1.1.4:
    resolution: {integrity: sha512-dOy+3AuW3a2wNbZHIuMZpTcgjGuLU/uBL/ubcZF9OXbDo8ff4O8yVp5Bf0efS8uEoYo5q4Fx7dY9OgQGXgAsQA==}
    dev: true

  /colord/2.9.3:
    resolution: {integrity: sha512-jeC1axXpnb0/2nn/Y1LPuLdgXBLH7aDcHu4KEKfqw3CUhX7ZpfBSlPKyqXE6btIgEzfWtrX3/tyBCaCvXvMkOw==}
    dev: true

  /commander/2.20.3:
    resolution: {integrity: sha512-GpVkmM8vF2vQUkj2LvZmD35JxeJOLCwJ9cUkugyk2nuhbv3+mJvpLYYt+0+USMxE+oj+ey/lJEnhZw75x/OMcQ==}
    dev: true

  /commander/7.2.0:
    resolution: {integrity: sha512-QrWXB+ZQSVPmIWIhtEO9H+gwHaMGYiF5ChvoJ+K9ZGHG/sVsa6yiesAD1GC/x46sET00Xlwo1u49RVVVzvcSkw==}
    engines: {node: '>= 10'}
    dev: true

  /css-declaration-sorter/6.3.1_postcss@8.4.19:
    resolution: {integrity: sha512-fBffmak0bPAnyqc/HO8C3n2sHrp9wcqQz6ES9koRF2/mLOVAx9zIQ3Y7R29sYCteTPqMCwns4WYQoCX91Xl3+w==}
    engines: {node: ^10 || ^12 || >=14}
    peerDependencies:
      postcss: ^8.0.9
    dependencies:
      postcss: 8.4.19
    dev: true

  /css-select/4.3.0:
    resolution: {integrity: sha512-wPpOYtnsVontu2mODhA19JrqWxNsfdatRKd64kmpRbQgh1KtItko5sTnEpPdpSaJszTOhEMlF/RPz28qj4HqhQ==}
    dependencies:
      boolbase: 1.0.0
      css-what: 6.1.0
      domhandler: 4.3.1
      domutils: 2.8.0
      nth-check: 2.1.1
    dev: true

  /css-tree/1.1.3:
    resolution: {integrity: sha512-tRpdppF7TRazZrjJ6v3stzv93qxRcSsFmW6cX0Zm2NVKpxE1WV1HblnghVv9TreireHkqI/VDEsfolRF1p6y7Q==}
    engines: {node: '>=8.0.0'}
    dependencies:
      mdn-data: 2.0.14
      source-map: 0.6.1
    dev: true

  /css-what/6.1.0:
    resolution: {integrity: sha512-HTUrgRJ7r4dsZKU6GjmpfRK1O76h97Z8MfS1G0FozR+oF2kG6Vfe8JE6zwrkbxigziPHinCJ+gCPjA9EaBDtRw==}
    engines: {node: '>= 6'}
    dev: true

  /cssesc/3.0.0:
    resolution: {integrity: sha512-/Tb/JcjK111nNScGob5MNtsntNM1aCNUDipB/TkwZFhyDrrE47SOx/18wF2bbjgc3ZzCSKW1T5nt5EbFoAz/Vg==}
    engines: {node: '>=4'}
    hasBin: true
    dev: true

  /cssnano-preset-default/5.2.13_postcss@8.4.19:
    resolution: {integrity: sha512-PX7sQ4Pb+UtOWuz8A1d+Rbi+WimBIxJTRyBdgGp1J75VU0r/HFQeLnMYgHiCAp6AR4rqrc7Y4R+1Rjk3KJz6DQ==}
    engines: {node: ^10 || ^12 || >=14.0}
    peerDependencies:
      postcss: ^8.2.15
    dependencies:
      css-declaration-sorter: 6.3.1_postcss@8.4.19
      cssnano-utils: 3.1.0_postcss@8.4.19
      postcss: 8.4.19
      postcss-calc: 8.2.4_postcss@8.4.19
      postcss-colormin: 5.3.0_postcss@8.4.19
      postcss-convert-values: 5.1.3_postcss@8.4.19
      postcss-discard-comments: 5.1.2_postcss@8.4.19
      postcss-discard-duplicates: 5.1.0_postcss@8.4.19
      postcss-discard-empty: 5.1.1_postcss@8.4.19
      postcss-discard-overridden: 5.1.0_postcss@8.4.19
      postcss-merge-longhand: 5.1.7_postcss@8.4.19
      postcss-merge-rules: 5.1.3_postcss@8.4.19
      postcss-minify-font-values: 5.1.0_postcss@8.4.19
      postcss-minify-gradients: 5.1.1_postcss@8.4.19
      postcss-minify-params: 5.1.4_postcss@8.4.19
      postcss-minify-selectors: 5.2.1_postcss@8.4.19
      postcss-normalize-charset: 5.1.0_postcss@8.4.19
      postcss-normalize-display-values: 5.1.0_postcss@8.4.19
      postcss-normalize-positions: 5.1.1_postcss@8.4.19
      postcss-normalize-repeat-style: 5.1.1_postcss@8.4.19
      postcss-normalize-string: 5.1.0_postcss@8.4.19
      postcss-normalize-timing-functions: 5.1.0_postcss@8.4.19
      postcss-normalize-unicode: 5.1.1_postcss@8.4.19
      postcss-normalize-url: 5.1.0_postcss@8.4.19
      postcss-normalize-whitespace: 5.1.1_postcss@8.4.19
      postcss-ordered-values: 5.1.3_postcss@8.4.19
      postcss-reduce-initial: 5.1.1_postcss@8.4.19
      postcss-reduce-transforms: 5.1.0_postcss@8.4.19
      postcss-svgo: 5.1.0_postcss@8.4.19
      postcss-unique-selectors: 5.1.1_postcss@8.4.19
    dev: true

  /cssnano-utils/3.1.0_postcss@8.4.19:
    resolution: {integrity: sha512-JQNR19/YZhz4psLX/rQ9M83e3z2Wf/HdJbryzte4a3NSuafyp9w/I4U+hx5C2S9g41qlstH7DEWnZaaj83OuEA==}
    engines: {node: ^10 || ^12 || >=14.0}
    peerDependencies:
      postcss: ^8.2.15
    dependencies:
      postcss: 8.4.19
    dev: true

  /cssnano/5.1.14_postcss@8.4.19:
    resolution: {integrity: sha512-Oou7ihiTocbKqi0J1bB+TRJIQX5RMR3JghA8hcWSw9mjBLQ5Y3RWqEDoYG3sRNlAbCIXpqMoZGbq5KDR3vdzgw==}
    engines: {node: ^10 || ^12 || >=14.0}
    peerDependencies:
      postcss: ^8.2.15
    dependencies:
      cssnano-preset-default: 5.2.13_postcss@8.4.19
      lilconfig: 2.0.6
      postcss: 8.4.19
      yaml: 1.10.2
    dev: true

  /csso/4.2.0:
    resolution: {integrity: sha512-wvlcdIbf6pwKEk7vHj8/Bkc0B4ylXZruLvOgs9doS5eOsOpuodOV2zJChSpkp+pRpYQLQMeF04nr3Z68Sta9jA==}
    engines: {node: '>=8.0.0'}
    dependencies:
      css-tree: 1.1.3
    dev: true

  /dependency-graph/0.11.0:
    resolution: {integrity: sha512-JeMq7fEshyepOWDfcfHK06N3MhyPhz++vtqWhMT5O9A3K42rdsEDpfdVqjaqaAhsw6a+ZqeDvQVtD0hFHQWrzg==}
    engines: {node: '>= 0.6.0'}
    dev: true

  /dir-glob/3.0.1:
    resolution: {integrity: sha512-WkrWp9GR4KXfKGYzOLmTuGVi1UWFfws377n9cc55/tb6DuqyF6pcQ5AbiHEshaDpY9v6oaSr2XCDidGmMwdzIA==}
    engines: {node: '>=8'}
    dependencies:
      path-type: 4.0.0
    dev: true

  /dom-serializer/1.4.1:
    resolution: {integrity: sha512-VHwB3KfrcOOkelEG2ZOfxqLZdfkil8PtJi4P8N2MMXucZq2yLp75ClViUlOVwyoHEDjYU433Aq+5zWP61+RGag==}
    dependencies:
      domelementtype: 2.3.0
      domhandler: 4.3.1
      entities: 2.2.0
    dev: true

  /domelementtype/2.3.0:
    resolution: {integrity: sha512-OLETBj6w0OsagBwdXnPdN0cnMfF9opN69co+7ZrbfPGrdpPVNBUj02spi6B1N7wChLQiPn4CSH/zJvXw56gmHw==}
    dev: true

  /domhandler/4.3.1:
    resolution: {integrity: sha512-GrwoxYN+uWlzO8uhUXRl0P+kHE4GtVPfYzVLcUxPL7KNdHKj66vvlhiweIHqYYXWlw+T8iLMp42Lm67ghw4WMQ==}
    engines: {node: '>= 4'}
    dependencies:
      domelementtype: 2.3.0
    dev: true

  /domutils/2.8.0:
    resolution: {integrity: sha512-w96Cjofp72M5IIhpjgobBimYEfoPjx1Vx0BSX9P30WBdZW2WIKU0T1Bd0kz2eNZ9ikjKgHbEyKx8BB6H1L3h3A==}
    dependencies:
      dom-serializer: 1.4.1
      domelementtype: 2.3.0
      domhandler: 4.3.1
    dev: true

  /electron-to-chromium/1.4.284:
    resolution: {integrity: sha512-M8WEXFuKXMYMVr45fo8mq0wUrrJHheiKZf6BArTKk9ZBYCKJEOU5H8cdWgDT+qCVZf7Na4lVUaZsA+h6uA9+PA==}
    dev: true

  /emoji-regex/8.0.0:
    resolution: {integrity: sha512-MSjYzcWNOA0ewAHpz0MxpYFvwg6yjy1NG3xteoqz644VCo/RPgnr1/GGt+ic3iJTzQ8Eu3TdM14SawnVUmGE6A==}
    dev: true

  /entities/2.2.0:
    resolution: {integrity: sha512-p92if5Nz619I0w+akJrLZH0MX0Pb5DX39XOwQTtXSdQQOaYH03S1uIQp4mhOZtAXrxq4ViO67YTiLBo2638o9A==}
    dev: true

  /escalade/3.1.1:
    resolution: {integrity: sha512-k0er2gUkLf8O0zKJiAhmkTnJlTvINGv7ygDNPbeIsX/TJjGJZHuh9B2UxbsaEkmlEo9MfhrSzmhIlhRlI2GXnw==}
    engines: {node: '>=6'}
    dev: true

  /fast-glob/3.2.12:
    resolution: {integrity: sha512-DVj4CQIYYow0BlaelwK1pHl5n5cRSJfM60UA0zK891sVInoPri2Ekj7+e1CT3/3qxXenpI+nBBmQAcJPJgaj4w==}
    engines: {node: '>=8.6.0'}
    dependencies:
      '@nodelib/fs.stat': 2.0.5
      '@nodelib/fs.walk': 1.2.8
      glob-parent: 5.1.2
      merge2: 1.4.1
      micromatch: 4.0.5
    dev: true

  /fastq/1.13.0:
    resolution: {integrity: sha512-YpkpUnK8od0o1hmeSc7UUs/eB/vIPWJYjKck2QKIzAf71Vm1AAQ3EbuZB3g2JIy+pg+ERD0vqI79KyZiB2e2Nw==}
    dependencies:
      reusify: 1.0.4
    dev: true

  /fill-range/7.0.1:
    resolution: {integrity: sha512-qOo9F+dMUmC2Lcb4BbVvnKJxTPjCm+RRpe4gDuGrzkL7mEVl/djYSu2OdQ2Pa302N4oqkSg9ir6jaLWJ2USVpQ==}
    engines: {node: '>=8'}
    dependencies:
      to-regex-range: 5.0.1
    dev: true

  /fs-extra/10.1.0:
    resolution: {integrity: sha512-oRXApq54ETRj4eMiFzGnHWGy+zo5raudjuxN0b8H7s/RU2oW0Wvsx9O0ACRN/kRq9E8Vu/ReskGB5o3ji+FzHQ==}
    engines: {node: '>=12'}
    dependencies:
      graceful-fs: 4.2.10
      jsonfile: 6.1.0
      universalify: 2.0.0
    dev: true

  /fsevents/2.3.2:
    resolution: {integrity: sha512-xiqMQR4xAeHTuB9uWm+fFRcIOgKBMiOBP+eXiyT7jsgVCq1bkVygt00oASowB7EdtpOHaaPgKt812P9ab+DDKA==}
    engines: {node: ^8.16.0 || ^10.6.0 || >=11.0.0}
    os: [darwin]
    requiresBuild: true
    dev: true
    optional: true

  /get-caller-file/2.0.5:
    resolution: {integrity: sha512-DyFP3BM/3YHTQOCUL/w0OZHR0lpKeGrxotcHWcqNEdnltqFwXVfhEBQ94eIo34AfQpo0rGki4cyIiftY06h2Fg==}
    engines: {node: 6.* || 8.* || >= 10.*}
    dev: true

  /get-stdin/9.0.0:
    resolution: {integrity: sha512-dVKBjfWisLAicarI2Sf+JuBE/DghV4UzNAVe9yhEJuzeREd3JhOTE9cUaJTeSa77fsbQUK3pcOpJfM59+VKZaA==}
    engines: {node: '>=12'}
    dev: true

  /glob-parent/5.1.2:
    resolution: {integrity: sha512-AOIgSQCepiJYwP3ARnGx+5VnTu2HBYdzbGP45eLw1vr3zB3vZLeyed1sC9hnbcOc9/SrMyM5RPQrkGz4aS9Zow==}
    engines: {node: '>= 6'}
    dependencies:
      is-glob: 4.0.3
    dev: true

  /globby/13.1.2:
    resolution: {integrity: sha512-LKSDZXToac40u8Q1PQtZihbNdTYSNMuWe+K5l+oa6KgDzSvVrHXlJy40hUP522RjAIoNLJYBJi7ow+rbFpIhHQ==}
    engines: {node: ^12.20.0 || ^14.13.1 || >=16.0.0}
    dependencies:
      dir-glob: 3.0.1
      fast-glob: 3.2.12
      ignore: 5.2.0
      merge2: 1.4.1
      slash: 4.0.0
    dev: true

  /graceful-fs/4.2.10:
    resolution: {integrity: sha512-9ByhssR2fPVsNZj478qUUbKfmL0+t5BDVyjShtyZZLiK7ZDAArFFfopyOTj0M05wE2tJPisA4iTnnXl2YoPvOA==}
    dev: true

  /ignore/5.2.0:
    resolution: {integrity: sha512-CmxgYGiEPCLhfLnpPp1MoRmifwEIOgjcHXxOBjv7mY96c+eWScsOP9c112ZyLdWHi0FxHjI+4uVhKYp/gcdRmQ==}
    engines: {node: '>= 4'}
    dev: true

  /is-binary-path/2.1.0:
    resolution: {integrity: sha512-ZMERYes6pDydyuGidse7OsHxtbI7WVeUEozgR/g7rd0xUimYNlvZRE/K2MgZTjWy725IfelLeVcEM97mmtRGXw==}
    engines: {node: '>=8'}
    dependencies:
      binary-extensions: 2.2.0
    dev: true

  /is-extglob/2.1.1:
    resolution: {integrity: sha512-SbKbANkN603Vi4jEZv49LeVJMn4yGwsbzZworEoyEiutsN3nJYdbO36zfhGJ6QEDpOZIFkDtnq5JRxmvl3jsoQ==}
    engines: {node: '>=0.10.0'}
    dev: true

  /is-fullwidth-code-point/3.0.0:
    resolution: {integrity: sha512-zymm5+u+sCsSWyD9qNaejV3DFvhCKclKdizYaJUuHA83RLjb7nSuGnddCHGv0hk+KY7BMAlsWeK4Ueg6EV6XQg==}
    engines: {node: '>=8'}
    dev: true

  /is-glob/4.0.3:
    resolution: {integrity: sha512-xelSayHH36ZgE7ZWhli7pW34hNbNl8Ojv5KVmkJD4hBdD3th8Tfk9vYasLM+mXWOZhFkgZfxhLSnrwRr4elSSg==}
    engines: {node: '>=0.10.0'}
    dependencies:
      is-extglob: 2.1.1
    dev: true

  /is-number/7.0.0:
    resolution: {integrity: sha512-41Cifkg6e8TylSpdtTpeLVMqvSBEVzTttHvERD741+pnZ8ANv0004MRL43QKPDlK9cGvNp6NZWZUBlbGXYxxng==}
    engines: {node: '>=0.12.0'}
    dev: true

  /jsonfile/6.1.0:
    resolution: {integrity: sha512-5dgndWOriYSm5cnYaJNhalLNDKOqFwyDB/rr1E9ZsGciGvKPs8R2xYGCacuf3z6K1YKDz182fd+fY3cn3pMqXQ==}
    dependencies:
      universalify: 2.0.0
    optionalDependencies:
      graceful-fs: 4.2.10
    dev: true

  /lilconfig/2.0.6:
    resolution: {integrity: sha512-9JROoBW7pobfsx+Sq2JsASvCo6Pfo6WWoUW79HuB1BCoBXD4PLWJPqDF6fNj67pqBYTbAHkE57M1kS/+L1neOg==}
    engines: {node: '>=10'}
    dev: true

  /lodash.memoize/4.1.2:
    resolution: {integrity: sha512-t7j+NzmgnQzTAYXcsHYLgimltOV1MXHtlOWf6GjL9Kj8GK5FInw5JotxvbOs+IvV1/Dzo04/fCGfLVs7aXb4Ag==}
    dev: true

  /lodash.uniq/4.5.0:
    resolution: {integrity: sha512-xfBaXQd9ryd9dlSDvnvI0lvxfLJlYAZzXomUYzLKtUeOQvOP5piqAWuGtrhWeqaXK9hhoM/iyJc5AV+XfsX3HQ==}
    dev: true

  /mdn-data/2.0.14:
    resolution: {integrity: sha512-dn6wd0uw5GsdswPFfsgMp5NSB0/aDe6fK94YJV/AJDYXL6HVLWBsxeq7js7Ad+mU2K9LAlwpk6kN2D5mwCPVow==}
    dev: true

  /merge2/1.4.1:
    resolution: {integrity: sha512-8q7VEgMJW4J8tcfVPy8g09NcQwZdbwFEqhe/WZkoIzjn/3TGDwtOCYtXGxA3O8tPzpczCCDgv+P2P5y00ZJOOg==}
    engines: {node: '>= 8'}
    dev: true

  /micromatch/4.0.5:
    resolution: {integrity: sha512-DMy+ERcEW2q8Z2Po+WNXuw3c5YaUSFjAO5GsJqfEl7UjvtIuFKO6ZrKvcItdy98dwFI2N1tg3zNIdKaQT+aNdA==}
    engines: {node: '>=8.6'}
    dependencies:
      braces: 3.0.2
      picomatch: 2.3.1
    dev: true

  /nanoid/3.3.4:
    resolution: {integrity: sha512-MqBkQh/OHTS2egovRtLk45wEyNXwF+cokD+1YPf9u5VfJiRdAiRwB2froX5Co9Rh20xs4siNPm8naNotSD6RBw==}
    engines: {node: ^10 || ^12 || ^13.7 || ^14 || >=15.0.1}
    hasBin: true
    dev: true

  /node-releases/2.0.6:
    resolution: {integrity: sha512-PiVXnNuFm5+iYkLBNeq5211hvO38y63T0i2KKh2KnUs3RpzJ+JtODFjkD8yjLwnDkTYF1eKXheUwdssR+NRZdg==}
    dev: true

  /normalize-path/3.0.0:
    resolution: {integrity: sha512-6eZs5Ls3WtCisHWp9S2GUy8dqkpGi4BVSz3GaqiE6ezub0512ESztXUwUB6C6IKbQkY2Pnb/mD4WYojCRwcwLA==}
    engines: {node: '>=0.10.0'}
    dev: true

  /normalize-url/6.1.0:
    resolution: {integrity: sha512-DlL+XwOy3NxAQ8xuC0okPgK46iuVNAK01YN7RueYBqqFeGsBjV9XmCAzAdgt+667bCl5kPh9EqKKDwnaPG1I7A==}
    engines: {node: '>=10'}
    dev: true

  /nth-check/2.1.1:
    resolution: {integrity: sha512-lqjrjmaOoAnWfMmBPL+XNnynZh2+swxiX3WUE0s4yEHI6m+AwrK2UZOimIRl3X/4QctVqS8AiZjFqyOGrMXb/w==}
    dependencies:
      boolbase: 1.0.0
    dev: true

  /path-type/4.0.0:
    resolution: {integrity: sha512-gDKb8aZMDeD/tZWs9P6+q0J9Mwkdl6xMV8TjnGP3qJVJ06bdMgkbBlLU8IdfOsIsFz2BW1rNVT3XuNEl8zPAvw==}
    engines: {node: '>=8'}
    dev: true

  /picocolors/1.0.0:
    resolution: {integrity: sha512-1fygroTLlHu66zi26VoTDv8yRgm0Fccecssto+MhsZ0D/DGW2sm8E8AjW7NU5VVTRt5GxbeZ5qBuJr+HyLYkjQ==}
    dev: true

  /picomatch/2.3.1:
    resolution: {integrity: sha512-JU3teHTNjmE2VCGFzuY8EXzCDVwEqB2a8fsIvwaStHhAWJEeVd1o1QD80CU6+ZdEXXSLbSsuLwJjkCBWqRQUVA==}
    engines: {node: '>=8.6'}
    dev: true

  /pify/2.3.0:
    resolution: {integrity: sha512-udgsAY+fTnvv7kI7aaxbqwWNb0AHiB0qBO89PZKPkoTmGOgdbrHDKD+0B2X4uTfJ/FT1R09r9gTsjUjNJotuog==}
    engines: {node: '>=0.10.0'}
    dev: true

  /postcss-calc/8.2.4_postcss@8.4.19:
    resolution: {integrity: sha512-SmWMSJmB8MRnnULldx0lQIyhSNvuDl9HfrZkaqqE/WHAhToYsAvDq+yAsA/kIyINDszOp3Rh0GFoNuH5Ypsm3Q==}
    peerDependencies:
      postcss: ^8.2.2
    dependencies:
      postcss: 8.4.19
      postcss-selector-parser: 6.0.11
      postcss-value-parser: 4.2.0
    dev: true

  /postcss-cli/10.0.0_postcss@8.4.19:
    resolution: {integrity: sha512-Wjy/00wBBEgQqnSToznxLWDnATznokFGXsHtF/3G8glRZpz5KYlfHcBW/VMJmWAeF2x49zjgy4izjM3/Wx1dKA==}
    engines: {node: '>=14'}
    hasBin: true
    peerDependencies:
      postcss: ^8.0.0
    dependencies:
      chokidar: 3.5.3
      dependency-graph: 0.11.0
      fs-extra: 10.1.0
      get-stdin: 9.0.0
      globby: 13.1.2
      picocolors: 1.0.0
      postcss: 8.4.19
      postcss-load-config: 4.0.1_postcss@8.4.19
      postcss-reporter: 7.0.5_postcss@8.4.19
      pretty-hrtime: 1.0.3
      read-cache: 1.0.0
      slash: 4.0.0
      yargs: 17.6.2
    transitivePeerDependencies:
      - ts-node
    dev: true

  /postcss-colormin/5.3.0_postcss@8.4.19:
    resolution: {integrity: sha512-WdDO4gOFG2Z8n4P8TWBpshnL3JpmNmJwdnfP2gbk2qBA8PWwOYcmjmI/t3CmMeL72a7Hkd+x/Mg9O2/0rD54Pg==}
    engines: {node: ^10 || ^12 || >=14.0}
    peerDependencies:
      postcss: ^8.2.15
    dependencies:
      browserslist: 4.21.4
      caniuse-api: 3.0.0
      colord: 2.9.3
      postcss: 8.4.19
      postcss-value-parser: 4.2.0
    dev: true

  /postcss-convert-values/5.1.3_postcss@8.4.19:
    resolution: {integrity: sha512-82pC1xkJZtcJEfiLw6UXnXVXScgtBrjlO5CBmuDQc+dlb88ZYheFsjTn40+zBVi3DkfF7iezO0nJUPLcJK3pvA==}
    engines: {node: ^10 || ^12 || >=14.0}
    peerDependencies:
      postcss: ^8.2.15
    dependencies:
      browserslist: 4.21.4
      postcss: 8.4.19
      postcss-value-parser: 4.2.0
    dev: true

  /postcss-custom-properties/13.0.0_postcss@8.4.19:
    resolution: {integrity: sha512-y4lGIjKPdy1gDyGgwZLpMgqcum04JZZ9UWKxO6WjxSEQ1IzaAFxgbiqcF5M4RWHXFqe5Wa549xXz/4F7DU9TYg==}
    engines: {node: ^14 || ^16 || >=18}
    peerDependencies:
      postcss: ^8.4
    dependencies:
      postcss: 8.4.19
      postcss-value-parser: 4.2.0
    dev: true

  /postcss-discard-comments/5.1.2_postcss@8.4.19:
    resolution: {integrity: sha512-+L8208OVbHVF2UQf1iDmRcbdjJkuBF6IS29yBDSiWUIzpYaAhtNl6JYnYm12FnkeCwQqF5LeklOu6rAqgfBZqQ==}
    engines: {node: ^10 || ^12 || >=14.0}
    peerDependencies:
      postcss: ^8.2.15
    dependencies:
      postcss: 8.4.19
    dev: true

  /postcss-discard-duplicates/5.1.0_postcss@8.4.19:
    resolution: {integrity: sha512-zmX3IoSI2aoenxHV6C7plngHWWhUOV3sP1T8y2ifzxzbtnuhk1EdPwm0S1bIUNaJ2eNbWeGLEwzw8huPD67aQw==}
    engines: {node: ^10 || ^12 || >=14.0}
    peerDependencies:
      postcss: ^8.2.15
    dependencies:
      postcss: 8.4.19
    dev: true

  /postcss-discard-empty/5.1.1_postcss@8.4.19:
    resolution: {integrity: sha512-zPz4WljiSuLWsI0ir4Mcnr4qQQ5e1Ukc3i7UfE2XcrwKK2LIPIqE5jxMRxO6GbI3cv//ztXDsXwEWT3BHOGh3A==}
    engines: {node: ^10 || ^12 || >=14.0}
    peerDependencies:
      postcss: ^8.2.15
    dependencies:
      postcss: 8.4.19
    dev: true

  /postcss-discard-overridden/5.1.0_postcss@8.4.19:
    resolution: {integrity: sha512-21nOL7RqWR1kasIVdKs8HNqQJhFxLsyRfAnUDm4Fe4t4mCWL9OJiHvlHPjcd8zc5Myu89b/7wZDnOSjFgeWRtw==}
    engines: {node: ^10 || ^12 || >=14.0}
    peerDependencies:
      postcss: ^8.2.15
    dependencies:
      postcss: 8.4.19
    dev: true

  /postcss-load-config/4.0.1_postcss@8.4.19:
    resolution: {integrity: sha512-vEJIc8RdiBRu3oRAI0ymerOn+7rPuMvRXslTvZUKZonDHFIczxztIyJ1urxM1x9JXEikvpWWTUUqal5j/8QgvA==}
    engines: {node: '>= 14'}
    peerDependencies:
      postcss: '>=8.0.9'
      ts-node: '>=9.0.0'
    peerDependenciesMeta:
      postcss:
        optional: true
      ts-node:
        optional: true
    dependencies:
      lilconfig: 2.0.6
      postcss: 8.4.19
      yaml: 2.1.1
    dev: true

  /postcss-merge-longhand/5.1.7_postcss@8.4.19:
    resolution: {integrity: sha512-YCI9gZB+PLNskrK0BB3/2OzPnGhPkBEwmwhfYk1ilBHYVAZB7/tkTHFBAnCrvBBOmeYyMYw3DMjT55SyxMBzjQ==}
    engines: {node: ^10 || ^12 || >=14.0}
    peerDependencies:
      postcss: ^8.2.15
    dependencies:
      postcss: 8.4.19
      postcss-value-parser: 4.2.0
      stylehacks: 5.1.1_postcss@8.4.19
    dev: true

  /postcss-merge-rules/5.1.3_postcss@8.4.19:
    resolution: {integrity: sha512-LbLd7uFC00vpOuMvyZop8+vvhnfRGpp2S+IMQKeuOZZapPRY4SMq5ErjQeHbHsjCUgJkRNrlU+LmxsKIqPKQlA==}
    engines: {node: ^10 || ^12 || >=14.0}
    peerDependencies:
      postcss: ^8.2.15
    dependencies:
      browserslist: 4.21.4
      caniuse-api: 3.0.0
      cssnano-utils: 3.1.0_postcss@8.4.19
      postcss: 8.4.19
      postcss-selector-parser: 6.0.11
    dev: true

  /postcss-minify-font-values/5.1.0_postcss@8.4.19:
    resolution: {integrity: sha512-el3mYTgx13ZAPPirSVsHqFzl+BBBDrXvbySvPGFnQcTI4iNslrPaFq4muTkLZmKlGk4gyFAYUBMH30+HurREyA==}
    engines: {node: ^10 || ^12 || >=14.0}
    peerDependencies:
      postcss: ^8.2.15
    dependencies:
      postcss: 8.4.19
      postcss-value-parser: 4.2.0
    dev: true

  /postcss-minify-gradients/5.1.1_postcss@8.4.19:
    resolution: {integrity: sha512-VGvXMTpCEo4qHTNSa9A0a3D+dxGFZCYwR6Jokk+/3oB6flu2/PnPXAh2x7x52EkY5xlIHLm+Le8tJxe/7TNhzw==}
    engines: {node: ^10 || ^12 || >=14.0}
    peerDependencies:
      postcss: ^8.2.15
    dependencies:
      colord: 2.9.3
      cssnano-utils: 3.1.0_postcss@8.4.19
      postcss: 8.4.19
      postcss-value-parser: 4.2.0
    dev: true

  /postcss-minify-params/5.1.4_postcss@8.4.19:
    resolution: {integrity: sha512-+mePA3MgdmVmv6g+30rn57USjOGSAyuxUmkfiWpzalZ8aiBkdPYjXWtHuwJGm1v5Ojy0Z0LaSYhHaLJQB0P8Jw==}
    engines: {node: ^10 || ^12 || >=14.0}
    peerDependencies:
      postcss: ^8.2.15
    dependencies:
      browserslist: 4.21.4
      cssnano-utils: 3.1.0_postcss@8.4.19
      postcss: 8.4.19
      postcss-value-parser: 4.2.0
    dev: true

  /postcss-minify-selectors/5.2.1_postcss@8.4.19:
    resolution: {integrity: sha512-nPJu7OjZJTsVUmPdm2TcaiohIwxP+v8ha9NehQ2ye9szv4orirRU3SDdtUmKH+10nzn0bAyOXZ0UEr7OpvLehg==}
    engines: {node: ^10 || ^12 || >=14.0}
    peerDependencies:
      postcss: ^8.2.15
    dependencies:
      postcss: 8.4.19
      postcss-selector-parser: 6.0.11
    dev: true

  /postcss-normalize-charset/5.1.0_postcss@8.4.19:
    resolution: {integrity: sha512-mSgUJ+pd/ldRGVx26p2wz9dNZ7ji6Pn8VWBajMXFf8jk7vUoSrZ2lt/wZR7DtlZYKesmZI680qjr2CeFF2fbUg==}
    engines: {node: ^10 || ^12 || >=14.0}
    peerDependencies:
      postcss: ^8.2.15
    dependencies:
      postcss: 8.4.19
    dev: true

  /postcss-normalize-display-values/5.1.0_postcss@8.4.19:
    resolution: {integrity: sha512-WP4KIM4o2dazQXWmFaqMmcvsKmhdINFblgSeRgn8BJ6vxaMyaJkwAzpPpuvSIoG/rmX3M+IrRZEz2H0glrQNEA==}
    engines: {node: ^10 || ^12 || >=14.0}
    peerDependencies:
      postcss: ^8.2.15
    dependencies:
      postcss: 8.4.19
      postcss-value-parser: 4.2.0
    dev: true

  /postcss-normalize-positions/5.1.1_postcss@8.4.19:
    resolution: {integrity: sha512-6UpCb0G4eofTCQLFVuI3EVNZzBNPiIKcA1AKVka+31fTVySphr3VUgAIULBhxZkKgwLImhzMR2Bw1ORK+37INg==}
    engines: {node: ^10 || ^12 || >=14.0}
    peerDependencies:
      postcss: ^8.2.15
    dependencies:
      postcss: 8.4.19
      postcss-value-parser: 4.2.0
    dev: true

  /postcss-normalize-repeat-style/5.1.1_postcss@8.4.19:
    resolution: {integrity: sha512-mFpLspGWkQtBcWIRFLmewo8aC3ImN2i/J3v8YCFUwDnPu3Xz4rLohDO26lGjwNsQxB3YF0KKRwspGzE2JEuS0g==}
    engines: {node: ^10 || ^12 || >=14.0}
    peerDependencies:
      postcss: ^8.2.15
    dependencies:
      postcss: 8.4.19
      postcss-value-parser: 4.2.0
    dev: true

  /postcss-normalize-string/5.1.0_postcss@8.4.19:
    resolution: {integrity: sha512-oYiIJOf4T9T1N4i+abeIc7Vgm/xPCGih4bZz5Nm0/ARVJ7K6xrDlLwvwqOydvyL3RHNf8qZk6vo3aatiw/go3w==}
    engines: {node: ^10 || ^12 || >=14.0}
    peerDependencies:
      postcss: ^8.2.15
    dependencies:
      postcss: 8.4.19
      postcss-value-parser: 4.2.0
    dev: true

  /postcss-normalize-timing-functions/5.1.0_postcss@8.4.19:
    resolution: {integrity: sha512-DOEkzJ4SAXv5xkHl0Wa9cZLF3WCBhF3o1SKVxKQAa+0pYKlueTpCgvkFAHfk+Y64ezX9+nITGrDZeVGgITJXjg==}
    engines: {node: ^10 || ^12 || >=14.0}
    peerDependencies:
      postcss: ^8.2.15
    dependencies:
      postcss: 8.4.19
      postcss-value-parser: 4.2.0
    dev: true

  /postcss-normalize-unicode/5.1.1_postcss@8.4.19:
    resolution: {integrity: sha512-qnCL5jzkNUmKVhZoENp1mJiGNPcsJCs1aaRmURmeJGES23Z/ajaln+EPTD+rBeNkSryI+2WTdW+lwcVdOikrpA==}
    engines: {node: ^10 || ^12 || >=14.0}
    peerDependencies:
      postcss: ^8.2.15
    dependencies:
      browserslist: 4.21.4
      postcss: 8.4.19
      postcss-value-parser: 4.2.0
    dev: true

  /postcss-normalize-url/5.1.0_postcss@8.4.19:
    resolution: {integrity: sha512-5upGeDO+PVthOxSmds43ZeMeZfKH+/DKgGRD7TElkkyS46JXAUhMzIKiCa7BabPeIy3AQcTkXwVVN7DbqsiCew==}
    engines: {node: ^10 || ^12 || >=14.0}
    peerDependencies:
      postcss: ^8.2.15
    dependencies:
      normalize-url: 6.1.0
      postcss: 8.4.19
      postcss-value-parser: 4.2.0
    dev: true

  /postcss-normalize-whitespace/5.1.1_postcss@8.4.19:
    resolution: {integrity: sha512-83ZJ4t3NUDETIHTa3uEg6asWjSBYL5EdkVB0sDncx9ERzOKBVJIUeDO9RyA9Zwtig8El1d79HBp0JEi8wvGQnA==}
    engines: {node: ^10 || ^12 || >=14.0}
    peerDependencies:
      postcss: ^8.2.15
    dependencies:
      postcss: 8.4.19
      postcss-value-parser: 4.2.0
    dev: true

  /postcss-ordered-values/5.1.3_postcss@8.4.19:
    resolution: {integrity: sha512-9UO79VUhPwEkzbb3RNpqqghc6lcYej1aveQteWY+4POIwlqkYE21HKWaLDF6lWNuqCobEAyTovVhtI32Rbv2RQ==}
    engines: {node: ^10 || ^12 || >=14.0}
    peerDependencies:
      postcss: ^8.2.15
    dependencies:
      cssnano-utils: 3.1.0_postcss@8.4.19
      postcss: 8.4.19
      postcss-value-parser: 4.2.0
    dev: true

  /postcss-reduce-initial/5.1.1_postcss@8.4.19:
    resolution: {integrity: sha512-//jeDqWcHPuXGZLoolFrUXBDyuEGbr9S2rMo19bkTIjBQ4PqkaO+oI8wua5BOUxpfi97i3PCoInsiFIEBfkm9w==}
    engines: {node: ^10 || ^12 || >=14.0}
    peerDependencies:
      postcss: ^8.2.15
    dependencies:
      browserslist: 4.21.4
      caniuse-api: 3.0.0
      postcss: 8.4.19
    dev: true

  /postcss-reduce-transforms/5.1.0_postcss@8.4.19:
    resolution: {integrity: sha512-2fbdbmgir5AvpW9RLtdONx1QoYG2/EtqpNQbFASDlixBbAYuTcJ0dECwlqNqH7VbaUnEnh8SrxOe2sRIn24XyQ==}
    engines: {node: ^10 || ^12 || >=14.0}
    peerDependencies:
      postcss: ^8.2.15
    dependencies:
      postcss: 8.4.19
      postcss-value-parser: 4.2.0
    dev: true

  /postcss-reporter/7.0.5_postcss@8.4.19:
    resolution: {integrity: sha512-glWg7VZBilooZGOFPhN9msJ3FQs19Hie7l5a/eE6WglzYqVeH3ong3ShFcp9kDWJT1g2Y/wd59cocf9XxBtkWA==}
    engines: {node: '>=10'}
    peerDependencies:
      postcss: ^8.1.0
    dependencies:
      picocolors: 1.0.0
      postcss: 8.4.19
      thenby: 1.3.4
    dev: true

  /postcss-selector-parser/6.0.11:
    resolution: {integrity: sha512-zbARubNdogI9j7WY4nQJBiNqQf3sLS3wCP4WfOidu+p28LofJqDH1tcXypGrcmMHhDk2t9wGhCsYe/+szLTy1g==}
    engines: {node: '>=4'}
    dependencies:
      cssesc: 3.0.0
      util-deprecate: 1.0.2
    dev: true

  /postcss-svgo/5.1.0_postcss@8.4.19:
    resolution: {integrity: sha512-D75KsH1zm5ZrHyxPakAxJWtkyXew5qwS70v56exwvw542d9CRtTo78K0WeFxZB4G7JXKKMbEZtZayTGdIky/eA==}
    engines: {node: ^10 || ^12 || >=14.0}
    peerDependencies:
      postcss: ^8.2.15
    dependencies:
      postcss: 8.4.19
      postcss-value-parser: 4.2.0
      svgo: 2.8.0
    dev: true

  /postcss-unique-selectors/5.1.1_postcss@8.4.19:
    resolution: {integrity: sha512-5JiODlELrz8L2HwxfPnhOWZYWDxVHWL83ufOv84NrcgipI7TaeRsatAhK4Tr2/ZiYldpK/wBvw5BD3qfaK96GA==}
    engines: {node: ^10 || ^12 || >=14.0}
    peerDependencies:
      postcss: ^8.2.15
    dependencies:
      postcss: 8.4.19
      postcss-selector-parser: 6.0.11
    dev: true

  /postcss-value-parser/4.2.0:
    resolution: {integrity: sha512-1NNCs6uurfkVbeXG4S8JFT9t19m45ICnif8zWLd5oPSZ50QnwMfK+H3jv408d4jw/7Bttv5axS5IiHoLaVNHeQ==}
    dev: true

  /postcss/8.4.19:
    resolution: {integrity: sha512-h+pbPsyhlYj6N2ozBmHhHrs9DzGmbaarbLvWipMRO7RLS+v4onj26MPFXA5OBYFxyqYhUJK456SwDcY9H2/zsA==}
    engines: {node: ^10 || ^12 || >=14}
    dependencies:
      nanoid: 3.3.4
      picocolors: 1.0.0
      source-map-js: 1.0.2
    dev: true

  /pretty-hrtime/1.0.3:
    resolution: {integrity: sha512-66hKPCr+72mlfiSjlEB1+45IjXSqvVAIy6mocupoww4tBFE9R9IhwwUGoI4G++Tc9Aq+2rxOt0RFU6gPcrte0A==}
    engines: {node: '>= 0.8'}
    dev: true

  /queue-microtask/1.2.3:
    resolution: {integrity: sha512-NuaNSa6flKT5JaSYQzJok04JzTL1CA6aGhv5rfLW3PgqA+M2ChpZQnAC8h8i4ZFkBS8X5RqkDBHA7r4hej3K9A==}
    dev: true

  /read-cache/1.0.0:
    resolution: {integrity: sha512-Owdv/Ft7IjOgm/i0xvNDZ1LrRANRfew4b2prF3OWMQLxLfu3bS8FVhCsrSCMK4lR56Y9ya+AThoTpDCTxCmpRA==}
    dependencies:
      pify: 2.3.0
    dev: true

  /readdirp/3.6.0:
    resolution: {integrity: sha512-hOS089on8RduqdbhvQ5Z37A0ESjsqz6qnRcffsMU3495FuTdqSm+7bhJ29JvIOsBDEEnan5DPu9t3To9VRlMzA==}
    engines: {node: '>=8.10.0'}
    dependencies:
      picomatch: 2.3.1
    dev: true

  /require-directory/2.1.1:
    resolution: {integrity: sha512-fGxEI7+wsG9xrvdjsrlmL22OMTTiHRwAMroiEeMgq8gzoLC/PQr7RsRDSTLUg/bZAZtF+TVIkHc6/4RIKrui+Q==}
    engines: {node: '>=0.10.0'}
    dev: true

  /reusify/1.0.4:
    resolution: {integrity: sha512-U9nH88a3fc/ekCF1l0/UP1IosiuIjyTh7hBvXVMHYgVcfGvt897Xguj2UOLDeI5BG2m7/uwyaLVT6fbtCwTyzw==}
    engines: {iojs: '>=1.0.0', node: '>=0.10.0'}
    dev: true

  /run-parallel/1.2.0:
    resolution: {integrity: sha512-5l4VyZR86LZ/lDxZTR6jqL8AFE2S0IFLMP26AbjsLVADxHdhB/c0GUsH+y39UfCi3dzz8OlQuPmnaJOMoDHQBA==}
    dependencies:
      queue-microtask: 1.2.3
    dev: true

  /slash/4.0.0:
    resolution: {integrity: sha512-3dOsAHXXUkQTpOYcoAxLIorMTp4gIQr5IW3iVb7A7lFIp0VHhnynm9izx6TssdrIcVIESAlVjtnO2K8bg+Coew==}
    engines: {node: '>=12'}
    dev: true

  /source-map-js/1.0.2:
    resolution: {integrity: sha512-R0XvVJ9WusLiqTCEiGCmICCMplcCkIwwR11mOSD9CR5u+IXYdiseeEuXCVAjS54zqwkLcPNnmU4OeJ6tUrWhDw==}
    engines: {node: '>=0.10.0'}
    dev: true

  /source-map-support/0.5.21:
    resolution: {integrity: sha512-uBHU3L3czsIyYXKX88fdrGovxdSCoTGDRZ6SYXtSRxLZUzHg5P/66Ht6uoUlHu9EZod+inXhKo3qQgwXUT/y1w==}
    dependencies:
      buffer-from: 1.1.2
      source-map: 0.6.1
    dev: true

  /source-map/0.6.1:
    resolution: {integrity: sha512-UjgapumWlbMhkBgzT7Ykc5YXUT46F0iKu8SGXq0bcwP5dz/h0Plj6enJqjz1Zbq2l5WaqYnrVbwWOWMyF3F47g==}
    engines: {node: '>=0.10.0'}
    dev: true

  /stable/0.1.8:
    resolution: {integrity: sha512-ji9qxRnOVfcuLDySj9qzhGSEFVobyt1kIOSkj1qZzYLzq7Tos/oUUWvotUPQLlrsidqsK6tBH89Bc9kL5zHA6w==}
    deprecated: 'Modern JS already guarantees Array#sort() is a stable sort, so this library is deprecated. See the compatibility table on MDN: https://developer.mozilla.org/en-US/docs/Web/JavaScript/Reference/Global_Objects/Array/sort#browser_compatibility'
    dev: true

  /string-width/4.2.3:
    resolution: {integrity: sha512-wKyQRQpjJ0sIp62ErSZdGsjMJWsap5oRNihHhu6G7JVO/9jIB6UyevL+tXuOqrng8j/cxKTWyWUwvSTriiZz/g==}
    engines: {node: '>=8'}
    dependencies:
      emoji-regex: 8.0.0
      is-fullwidth-code-point: 3.0.0
      strip-ansi: 6.0.1
    dev: true

  /strip-ansi/6.0.1:
    resolution: {integrity: sha512-Y38VPSHcqkFrCpFnQ9vuSXmquuv5oXOKpGeT6aGrr3o3Gc9AlVa6JBfUSOCnbxGGZF+/0ooI7KrPuUSztUdU5A==}
    engines: {node: '>=8'}
    dependencies:
      ansi-regex: 5.0.1
    dev: true

  /stylehacks/5.1.1_postcss@8.4.19:
    resolution: {integrity: sha512-sBpcd5Hx7G6seo7b1LkpttvTz7ikD0LlH5RmdcBNb6fFR0Fl7LQwHDFr300q4cwUqi+IYrFGmsIHieMBfnN/Bw==}
    engines: {node: ^10 || ^12 || >=14.0}
    peerDependencies:
      postcss: ^8.2.15
    dependencies:
      browserslist: 4.21.4
      postcss: 8.4.19
      postcss-selector-parser: 6.0.11
    dev: true

  /svgo/2.8.0:
    resolution: {integrity: sha512-+N/Q9kV1+F+UeWYoSiULYo4xYSDQlTgb+ayMobAXPwMnLvop7oxKMo9OzIrX5x3eS4L4f2UHhc9axXwY8DpChg==}
    engines: {node: '>=10.13.0'}
    hasBin: true
    dependencies:
      '@trysound/sax': 0.2.0
      commander: 7.2.0
      css-select: 4.3.0
      css-tree: 1.1.3
      csso: 4.2.0
      picocolors: 1.0.0
      stable: 0.1.8
    dev: true

  /terser/5.16.0:
    resolution: {integrity: sha512-KjTV81QKStSfwbNiwlBXfcgMcOloyuRdb62/iLFPGBcVNF4EXjhdYBhYHmbJpiBrVxZhDvltE11j+LBQUxEEJg==}
    engines: {node: '>=10'}
    hasBin: true
    dependencies:
      '@jridgewell/source-map': 0.3.2
      acorn: 8.8.0
      commander: 2.20.3
      source-map-support: 0.5.21
    dev: true

  /thenby/1.3.4:
    resolution: {integrity: sha512-89Gi5raiWA3QZ4b2ePcEwswC3me9JIg+ToSgtE0JWeCynLnLxNr/f9G+xfo9K+Oj4AFdom8YNJjibIARTJmapQ==}
    dev: true

  /to-regex-range/5.0.1:
    resolution: {integrity: sha512-65P7iz6X5yEr1cwcgvQxbbIw7Uk3gOy5dIdtZ4rDveLqhrdJP+Li/Hx6tyK0NEb+2GCyneCMJiGqrADCSNk8sQ==}
    engines: {node: '>=8.0'}
    dependencies:
      is-number: 7.0.0
    dev: true

  /universalify/2.0.0:
    resolution: {integrity: sha512-hAZsKq7Yy11Zu1DE0OzWjw7nnLZmJZYTDZZyEFHZdUhV8FkH5MCfoU1XMaxXovpyW5nq5scPqq0ZDP9Zyl04oQ==}
    engines: {node: '>= 10.0.0'}
    dev: true

  /update-browserslist-db/1.0.10_browserslist@4.21.4:
    resolution: {integrity: sha512-OztqDenkfFkbSG+tRxBeAnCVPckDBcvibKd35yDONx6OU8N7sqgwc7rCbkJ/WcYtVRZ4ba68d6byhC21GFh7sQ==}
    hasBin: true
    peerDependencies:
      browserslist: '>= 4.21.0'
    dependencies:
      browserslist: 4.21.4
      escalade: 3.1.1
      picocolors: 1.0.0
    dev: true

  /util-deprecate/1.0.2:
    resolution: {integrity: sha512-EPD5q1uXyFxJpCrLnCc1nHnq3gOa6DZBocAIiI2TaSCA7VCJ1UJDMagCzIkXNsUYfD1daK//LTEQ8xiIbrHtcw==}
    dev: true

  /wrap-ansi/7.0.0:
    resolution: {integrity: sha512-YVGIj2kamLSTxw6NsZjoBxfSwsn0ycdesmc4p+Q21c5zPuZ1pl+NfxVdxPtdHvmNVOQ6XSYG4AUtyt/Fi7D16Q==}
    engines: {node: '>=10'}
    dependencies:
      ansi-styles: 4.3.0
      string-width: 4.2.3
      strip-ansi: 6.0.1
    dev: true

  /y18n/5.0.8:
    resolution: {integrity: sha512-0pfFzegeDWJHJIAmTLRP2DwHjdF5s7jo9tuztdQxAhINCdvS+3nGINqPd00AphqJR/0LhANUS6/+7SCb98YOfA==}
    engines: {node: '>=10'}
    dev: true

  /yaml/1.10.2:
    resolution: {integrity: sha512-r3vXyErRCYJ7wg28yvBY5VSoAF8ZvlcW9/BwUzEtUsjvX/DKs24dIkuwjtuprwJJHsbyUbLApepYTR1BN4uHrg==}
    engines: {node: '>= 6'}
    dev: true

  /yaml/2.1.1:
    resolution: {integrity: sha512-o96x3OPo8GjWeSLF+wOAbrPfhFOGY0W00GNaxCDv+9hkcDJEnev1yh8S7pgHF0ik6zc8sQLuL8hjHjJULZp8bw==}
    engines: {node: '>= 14'}
    dev: true

  /yargs-parser/21.1.1:
    resolution: {integrity: sha512-tVpsJW7DdjecAiFpbIB1e3qxIQsE6NoPc5/eTdrbbIC4h0LVsWhnoa3g+m2HclBIujHzsxZ4VJVA+GUuc2/LBw==}
    engines: {node: '>=12'}
    dev: true

  /yargs/17.6.2:
    resolution: {integrity: sha512-1/9UrdHjDZc0eOU0HxOHoS78C69UD3JRMvzlJ7S79S2nTaWRA/whGCTV8o9e/N/1Va9YIV7Q4sOxD8VV4pCWOw==}
    engines: {node: '>=12'}
    dependencies:
      cliui: 8.0.1
      escalade: 3.1.1
      get-caller-file: 2.0.5
      require-directory: 2.1.1
      string-width: 4.2.3
      y18n: 5.0.8
      yargs-parser: 21.1.1
    dev: true
